{
  "name": "spotifychartsdownloader",
  "version": "1.0.0",
  "lockfileVersion": 1,
  "requires": true,
  "dependencies": {
    "csv-parse": {
      "version": "4.14.2",
      "resolved": "https://registry.npmjs.org/csv-parse/-/csv-parse-4.14.2.tgz",
      "integrity": "sha512-YE2xlTKtM035/94llhgsp9qFQxGi47EkQJ1pZ+mLT/98GpIsbjkMGAb7Rmu9hNxVfYFOLf10hP+rPVqnoccLgw=="
    },
    "csv-string": {
      "version": "4.0.1",
      "resolved": "https://registry.npmjs.org/csv-string/-/csv-string-4.0.1.tgz",
      "integrity": "sha512-nCdK+EWDbqLvZ2MmVQhHTmidMEsHbK3ncgTJb4oguNRpkmH5OOr+KkDRB4nqsVrJ7oK0AdO1QEsBp0+z7KBtGQ=="
    },
    "node-fetch": {
      "version": "2.6.1",
      "resolved": "https://registry.npmjs.org/node-fetch/-/node-fetch-2.6.1.tgz",
      "integrity": "sha512-V4aYg89jEoVRxRb2fJdAg8FHvI7cEyYdVAh94HH0UIK8oJxUfkjlDQN9RbMx+bEjP7+ggMiFRprSti032Oipxw=="
    }
  }
}
